{
  "nodes": {
    "nixpkgs": {
      "locked": {
        "lastModified": 1695597504,
        "narHash": "sha256-CKhj6wOKqndfHsDg8CKVBbpJWG8zHRZRLi7MnOatf0U=",
        "path": "/nix/store/ivfnb2y5ywn4p2qcpdncg3dvxmcpm9qp-source",
        "rev": "7a862f0a660d5bd850457a0ad7772e1672109ccd",
        "type": "path"
      },
      "original": {
        "id": "nixpkgs",
        "type": "indirect"
      }
    },
    "root": {
      "inputs": {
        "nixpkgs": "nixpkgs"
      }
    }
  },
  "root": "root",
  "version": 7
}
